
Microsoft Visual Studio Solution File, Format Version 12.00
# Visual Studio Version 17
VisualStudioVersion = 17.4.33122.133
MinimumVisualStudioVersion = 10.0.40219.1
Project("{FAE04EC0-301F-11D3-BF4B-00C04F79EFBC}") = "HomeworkMonday", "HomeworkMonday\HomeworkMonday.csproj", "{51FEDC91-8AFC-4E8F-9A4C-E2554B8485D5}"
EndProject
Global
	GlobalSection(SolutionConfigurationPlatforms) = preSolution
		Debug|Any CPU = Debug|Any CPU
		Release|Any CPU = Release|Any CPU
	EndGlobalSection
	GlobalSection(ProjectConfigurationPlatforms) = postSolution
		{51FEDC91-8AFC-4E8F-9A4C-E2554B8485D5}.Debug|Any CPU.ActiveCfg = Debug|Any CPU
		{51FEDC91-8AFC-4E8F-9A4C-E2554B8485D5}.Debug|Any CPU.Build.0 = Debug|Any CPU
		{51FEDC91-8AFC-4E8F-9A4C-E2554B8485D5}.Release|Any CPU.ActiveCfg = Release|Any CPU
		{51FEDC91-8AFC-4E8F-9A4C-E2554B8485D5}.Release|Any CPU.Build.0 = Release|Any CPU
	EndGlobalSection
	GlobalSection(SolutionProperties) = preSolution
		HideSolutionNode = FALSE
	EndGlobalSection
	GlobalSection(ExtensibilityGlobals) = postSolution
		SolutionGuid = {274C71D7-E52D-486D-B693-67DB0E175556}
	EndGlobalSection
EndGlobal
